<?xml version="1.0" encoding="utf-8"?>
<Project ToolsVersion="4.0" xmlns="http://schemas.microsoft.com/developer/msbuild/2003">
  <ItemGroup>
    <ClCompile Include="src\smoke.cpp" />
  </ItemGroup>
  <ItemGroup>
    <None Include=".gitignore" />
    <None Include="src\particle.frag" />
    <None Include="src\particle.geom" />
    <None Include="src\particle.vert" />
  </ItemGroup>
  <ItemGroup>
    <ClInclude Include="src\vec2.hpp" />
    <ClInclude Include="src\timer.hpp" />
    <ClInclude Include="src\gl.hpp" />
  </ItemGroup>
</Project>